<?xml version="1.0" encoding="utf-8"?>
<Project ToolsVersion="4.0" xmlns="http://schemas.microsoft.com/developer/msbuild/2003">
  <ItemGroup>
    <ClCompile Include="GameMain.cpp" />
    <ClCompile Include="GameStateData.cpp" />
    <ClCompile Include="Characters\Character.cpp">
      <Filter>Characters</Filter>
    </ClCompile>
    <ClCompile Include="Characters\Creeper.cpp">
      <Filter>Characters</Filter>
    </ClCompile>
    <ClCompile Include="Characters\Enemy.cpp">
      <Filter>Characters</Filter>
    </ClCompile>
    <ClCompile Include="Characters\Player.cpp">
      <Filter>Characters</Filter>
    </ClCompile>
    <ClCompile Include="Characters\Warrior.cpp">
      <Filter>Characters</Filter>
    </ClCompile>
    <ClCompile Include="Components\AttackComponent.cpp">
      <Filter>Components</Filter>
    </ClCompile>
    <ClCompile Include="Components\DeathComponent.cpp">
      <Filter>Components</Filter>
    </ClCompile>
    <ClCompile Include="Components\DetectionTriggerComponent.cpp">
      <Filter>Components</Filter>
    </ClCompile>
    <ClCompile Include="Components\GameHudComponent.cpp">
      <Filter>Components</Filter>
    </ClCompile>
    <ClCompile Include="Components\PlayerMovementComponent.cpp">
      <Filter>Components</Filter>
    </ClCompile>
    <ClCompile Include="Components\PlayerSearchComponent.cpp">
      <Filter>Components</Filter>
    </ClCompile>
    <ClCompile Include="Components\ProjectileComponent.cpp">
      <Filter>Components</Filter>
    </ClCompile>
    <ClCompile Include="Components\RangedAttackComponent.cpp">
      <Filter>Components</Filter>
    </ClCompile>
    <ClCompile Include="Components\StatsComponent.cpp">
      <Filter>Components</Filter>
    </ClCompile>
    <ClCompile Include="Gameplay\DeveloperLevel.cpp">
      <Filter>Gameplay</Filter>
    </ClCompile>
    <ClCompile Include="Gameplay\EnemySpawner.cpp">
      <Filter>Gameplay</Filter>
    </ClCompile>
    <ClCompile Include="Gameplay\Floor.cpp">
      <Filter>Gameplay</Filter>
    </ClCompile>
    <ClCompile Include="Gameplay\GameResourceLoader.cpp">
      <Filter>Gameplay</Filter>
    </ClCompile>
    <ClCompile Include="Gameplay\LevelBuilder.cpp">
      <Filter>Gameplay</Filter>
    </ClCompile>
    <ClCompile Include="Gameplay\MazeGenerator.cpp">
      <Filter>Gameplay</Filter>
    </ClCompile>
    <ClCompile Include="Gameplay\MazeNavigation.cpp">
      <Filter>Gameplay</Filter>
    </ClCompile>
    <ClCompile Include="Gameplay\Wall.cpp">
      <Filter>Gameplay</Filter>
    </ClCompile>
  </ItemGroup>
  <ItemGroup>
    <ClInclude Include="GameStateData.h" />
    <ClInclude Include="Config\GameConfig.h">
      <Filter>Config</Filter>
    </ClInclude>
    <ClInclude Include="Config\GameSettings.h">
      <Filter>Config</Filter>
    </ClInclude>
    <ClInclude Include="Characters\Character.h">
      <Filter>Characters</Filter>
    </ClInclude>
    <ClInclude Include="Characters\Creeper.h">
      <Filter>Characters</Filter>
    </ClInclude>
    <ClInclude Include="Characters\Enemy.h">
      <Filter>Characters</Filter>
    </ClInclude>
    <ClInclude Include="Characters\Player.h">
      <Filter>Characters</Filter>
    </ClInclude>
    <ClInclude Include="Characters\Warrior.h">
      <Filter>Characters</Filter>
    </ClInclude>
    <ClInclude Include="Components\AttackComponent.h">
      <Filter>Components</Filter>
    </ClInclude>
    <ClInclude Include="Components\DeathComponent.h">
      <Filter>Components</Filter>
    </ClInclude>
    <ClInclude Include="Components\DetectionTriggerComponent.h">
      <Filter>Components</Filter>
    </ClInclude>
    <ClInclude Include="Components\GameHudComponent.h">
      <Filter>Components</Filter>
    </ClInclude>
    <ClInclude Include="Components\PlayerMovementComponent.h">
      <Filter>Components</Filter>
    </ClInclude>
    <ClInclude Include="Components\PlayerSearchComponent.h">
      <Filter>Components</Filter>
    </ClInclude>
    <ClInclude Include="Components\ProjectileComponent.h">
      <Filter>Components</Filter>
    </ClInclude>
    <ClInclude Include="Components\RangedAttackComponent.h">
      <Filter>Components</Filter>
    </ClInclude>
    <ClInclude Include="Components\StatsComponent.h">
      <Filter>Components</Filter>
    </ClInclude>
    <ClInclude Include="Gameplay\DeveloperLevel.h">
      <Filter>Gameplay</Filter>
    </ClInclude>
    <ClInclude Include="Gameplay\EnemySpawner.h">
      <Filter>Gameplay</Filter>
    </ClInclude>
    <ClInclude Include="Gameplay\Floor.h">
      <Filter>Gameplay</Filter>
    </ClInclude>
    <ClInclude Include="Gameplay\GameResourceLoader.h">
      <Filter>Gameplay</Filter>
    </ClInclude>
    <ClInclude Include="Gameplay\LevelBuilder.h">
      <Filter>Gameplay</Filter>
    </ClInclude>
    <ClInclude Include="Gameplay\MazeGenerator.h">
      <Filter>Gameplay</Filter>
    </ClInclude>
    <ClInclude Include="Gameplay\MazeNavigation.h">
      <Filter>Gameplay</Filter>
    </ClInclude>
    <ClInclude Include="Gameplay\Wall.h">
      <Filter>Gameplay</Filter>
    </ClInclude>
  </ItemGroup>
  <ItemGroup>
    <Filter Include="Config">
      <UniqueIdentifier>{a4d7ce24-7e2d-4844-9265-e43b208b2326}</UniqueIdentifier>
    </Filter>
    <Filter Include="Characters">
      <UniqueIdentifier>{8c18aaa5-db95-4361-afb3-d6abed2fb485}</UniqueIdentifier>
    </Filter>
    <Filter Include="Components">
      <UniqueIdentifier>{d0589a78-d302-4604-ad1f-7b21024c0e83}</UniqueIdentifier>
    </Filter>
    <Filter Include="Gameplay">
      <UniqueIdentifier>{f236597c-6f14-46ef-bd06-843acae5b67a}</UniqueIdentifier>
    </Filter>
  </ItemGroup>
</Project>