<?xml version="1.0" encoding="utf-8"?>
<Project ToolsVersion="4.0" xmlns="http://schemas.microsoft.com/developer/msbuild/2003">
  <ItemGroup>
    <ClCompile Include="GameMain.cpp" />
    <ClCompile Include="Characters\Character.cpp">
      <Filter>Characters</Filter>
    </ClCompile>
    <ClCompile Include="Characters\Enemy.cpp">
      <Filter>Characters</Filter>
    </ClCompile>
    <ClCompile Include="Characters\Player.cpp">
      <Filter>Characters</Filter>
    </ClCompile>
    <ClCompile Include="Components\AttackComponent.cpp">
      <Filter>Components</Filter>
    </ClCompile>
    <ClCompile Include="Components\DeathComponent.cpp">
      <Filter>Components</Filter>
    </ClCompile>
    <ClCompile Include="Components\DetectionTriggerComponent.cpp">
      <Filter>Components</Filter>
    </ClCompile>
    <ClCompile Include="Components\DirectionalSpriteComponent.cpp">
      <Filter>Components</Filter>
    </ClCompile>
    <ClCompile Include="Components\PlayerMovementComponent.cpp">
      <Filter>Components</Filter>
    </ClCompile>
    <ClCompile Include="Components\PlayerItemEffectsComponent.cpp">
      <Filter>Components</Filter>
    </ClCompile>
    <ClCompile Include="Components\PlayerSearchComponent.cpp">
      <Filter>Components</Filter>
    </ClCompile>
    <ClCompile Include="Components\ProjectileComponent.cpp">
      <Filter>Components</Filter>
    </ClCompile>
    <ClCompile Include="Components\RangedAttackComponent.cpp">
      <Filter>Components</Filter>
    </ClCompile>
    <ClCompile Include="Components\StatsComponent.cpp">
      <Filter>Components</Filter>
    </ClCompile>
    <ClCompile Include="Gameplay\DeveloperLevel.cpp">
      <Filter>Gameplay</Filter>
    </ClCompile>
    <ClCompile Include="Gameplay\EnemySpawner.cpp">
      <Filter>Gameplay</Filter>
    </ClCompile>
    <ClCompile Include="Gameplay\Floor.cpp">
      <Filter>Gameplay</Filter>
    </ClCompile>
    <ClCompile Include="Gameplay\GameResourceLoader.cpp">
      <Filter>Gameplay</Filter>
    </ClCompile>
    <ClCompile Include="Gameplay\MazeGenerator.cpp">
      <Filter>Gameplay</Filter>
    </ClCompile>
    <ClCompile Include="Gameplay\MazeNavigation.cpp">
      <Filter>Gameplay</Filter>
    </ClCompile>
    <ClCompile Include="Gameplay\Wall.cpp">
      <Filter>Gameplay</Filter>
    </ClCompile>
    <ClCompile Include="UI\GameScreenOverlay.cpp">
      <Filter>UI</Filter>
    </ClCompile>
    <ClCompile Include="UI\HUD.cpp">
      <Filter>UI</Filter>
    </ClCompile>
    <ClCompile Include="UI\InventoryPanel.cpp">
      <Filter>UI</Filter>
    </ClCompile>
    <ClCompile Include="UI\PopupMessage.cpp">
      <Filter>UI</Filter>
    </ClCompile>
    <ClCompile Include="Components\GameUIComponent.cpp">
      <Filter>Components</Filter>
    </ClCompile>
    <ClCompile Include="UI\HotbarPanel.cpp">
      <Filter>UI</Filter>
    </ClCompile>
    <ClCompile Include="UI\ItemDescriptionPanel.cpp">
      <Filter>UI</Filter>
    </ClCompile>
    <ClCompile Include="UI\EquipmentPanel.cpp">
      <Filter>UI</Filter>
    </ClCompile>
    <ClCompile Include="Components\InventoryComponent.cpp">
      <Filter>Components</Filter>
    </ClCompile>
    <ClCompile Include="Components\ItemPickupComponent.cpp">
      <Filter>Components</Filter>
    </ClCompile>
    <ClCompile Include="Gameplay\ItemSpawner.cpp">
      <Filter>Gameplay</Filter>
    </ClCompile>
    <ClCompile Include="UI\UITextUtils.cpp">
      <Filter>UI</Filter>
    </ClCompile>
    <ClCompile Include="UI\UITextureUtils.cpp">
      <Filter>UI</Filter>
    </ClCompile>
    <ClCompile Include="UI\FramedPanel.cpp">
      <Filter>UI</Filter>
    </ClCompile>
    <ClCompile Include="Components\PickupComponent.cpp">
      <Filter>Components</Filter>
    </ClCompile>
    <ClCompile Include="Gameplay\GameNotifications.cpp">
      <Filter>Gameplay</Filter>
    </ClCompile>
    <ClCompile Include="Gameplay\LevelProgress.cpp">
      <Filter>Gameplay</Filter>
    </ClCompile>
  </ItemGroup>
  <ItemGroup>
    <ClInclude Include="Config\GameConfig.h">
      <Filter>Config</Filter>
    </ClInclude>
    <ClInclude Include="Config\UIConfig.h">
      <Filter>Config</Filter>
    </ClInclude>
    <ClInclude Include="Characters\Character.h">
      <Filter>Characters</Filter>
    </ClInclude>
    <ClInclude Include="Characters\Enemy.h">
      <Filter>Characters</Filter>
    </ClInclude>
    <ClInclude Include="Characters\Player.h">
      <Filter>Characters</Filter>
    </ClInclude>
    <ClInclude Include="Components\AttackComponent.h">
      <Filter>Components</Filter>
    </ClInclude>
    <ClInclude Include="Components\DeathComponent.h">
      <Filter>Components</Filter>
    </ClInclude>
    <ClInclude Include="Components\DetectionTriggerComponent.h">
      <Filter>Components</Filter>
    </ClInclude>
    <ClInclude Include="Components\DirectionalSpriteComponent.h">
      <Filter>Components</Filter>
    </ClInclude>
    <ClInclude Include="Components\PlayerMovementComponent.h">
      <Filter>Components</Filter>
    </ClInclude>
    <ClInclude Include="Components\PlayerItemEffectsComponent.h">
      <Filter>Components</Filter>
    </ClInclude>
    <ClInclude Include="Components\PlayerSearchComponent.h">
      <Filter>Components</Filter>
    </ClInclude>
    <ClInclude Include="Components\ProjectileComponent.h">
      <Filter>Components</Filter>
    </ClInclude>
    <ClInclude Include="Components\RangedAttackComponent.h">
      <Filter>Components</Filter>
    </ClInclude>
    <ClInclude Include="Components\StatsComponent.h">
      <Filter>Components</Filter>
    </ClInclude>
    <ClInclude Include="Gameplay\DeveloperLevel.h">
      <Filter>Gameplay</Filter>
    </ClInclude>
    <ClInclude Include="Gameplay\EnemySpawner.h">
      <Filter>Gameplay</Filter>
    </ClInclude>
    <ClInclude Include="Gameplay\Floor.h">
      <Filter>Gameplay</Filter>
    </ClInclude>
    <ClInclude Include="Gameplay\GameResourceLoader.h">
      <Filter>Gameplay</Filter>
    </ClInclude>
    <ClInclude Include="Gameplay\MazeGenerator.h">
      <Filter>Gameplay</Filter>
    </ClInclude>
    <ClInclude Include="Gameplay\MazeNavigation.h">
      <Filter>Gameplay</Filter>
    </ClInclude>
    <ClInclude Include="Gameplay\Wall.h">
      <Filter>Gameplay</Filter>
    </ClInclude>
    <ClInclude Include="UI\GameScreenOverlay.h">
      <Filter>UI</Filter>
    </ClInclude>
    <ClInclude Include="UI\HUD.h">
      <Filter>UI</Filter>
    </ClInclude>
    <ClInclude Include="UI\InventoryPanel.h">
      <Filter>UI</Filter>
    </ClInclude>
    <ClInclude Include="UI\PopupMessage.h">
      <Filter>UI</Filter>
    </ClInclude>
    <ClInclude Include="Components\GameUIComponent.h">
      <Filter>Components</Filter>
    </ClInclude>
    <ClInclude Include="UI\HotbarPanel.h">
      <Filter>UI</Filter>
    </ClInclude>
    <ClInclude Include="UI\UIItemView.h">
      <Filter>UI</Filter>
    </ClInclude>
    <ClInclude Include="UI\ItemDescriptionPanel.h">
      <Filter>UI</Filter>
    </ClInclude>
    <ClInclude Include="UI\EquipmentPanel.h">
      <Filter>UI</Filter>
    </ClInclude>
    <ClInclude Include="Components\InventoryComponent.h">
      <Filter>Components</Filter>
    </ClInclude>
    <ClInclude Include="Components\ItemPickupComponent.h">
      <Filter>Components</Filter>
    </ClInclude>
    <ClInclude Include="Gameplay\ItemSpawner.h">
      <Filter>Gameplay</Filter>
    </ClInclude>
    <ClInclude Include="Gameplay\ItemData.h">
      <Filter>Gameplay</Filter>
    </ClInclude>
    <ClInclude Include="UI\UITextUtils.h">
      <Filter>UI</Filter>
    </ClInclude>
    <ClInclude Include="UI\UITextureUtils.h">
      <Filter>UI</Filter>
    </ClInclude>
    <ClInclude Include="UI\FramedPanel.h">
      <Filter>UI</Filter>
    </ClInclude>
    <ClInclude Include="Components\PickupComponent.h">
      <Filter>Components</Filter>
    </ClInclude>
    <ClInclude Include="Gameplay\GameNotifications.h">
      <Filter>Gameplay</Filter>
    </ClInclude>
    <ClInclude Include="Gameplay\LevelProgress.h">
      <Filter>Gameplay</Filter>
    </ClInclude>
    <ClInclude Include="Gameplay\PlayerRunSnapshot.h">
      <Filter>Gameplay</Filter>
    </ClInclude>
  </ItemGroup>
  <ItemGroup>
    <Filter Include="Config">
      <UniqueIdentifier>{a4d7ce24-7e2d-4844-9265-e43b208b2326}</UniqueIdentifier>
    </Filter>
    <Filter Include="Characters">
      <UniqueIdentifier>{8c18aaa5-db95-4361-afb3-d6abed2fb485}</UniqueIdentifier>
    </Filter>
    <Filter Include="Components">
      <UniqueIdentifier>{d0589a78-d302-4604-ad1f-7b21024c0e83}</UniqueIdentifier>
    </Filter>
    <Filter Include="Gameplay">
      <UniqueIdentifier>{f236597c-6f14-46ef-bd06-843acae5b67a}</UniqueIdentifier>
    </Filter>
    <Filter Include="UI">
      <UniqueIdentifier>{8795b7ae-4438-4bd7-b618-f25ba6f45f56}</UniqueIdentifier>
    </Filter>
  </ItemGroup>
</Project>
